
Microsoft Visual Studio Solution File, Format Version 12.00
# Visual Studio Version 16
VisualStudioVersion = 16.0.31624.102
MinimumVisualStudioVersion = 10.0.40219.1
Project("{FAE04EC0-301F-11D3-BF4B-00C04F79EFBC}") = "ExGroupAssignment2", "ExGroupAssignment2\ExGroupAssignment2.csproj", "{BF3B14EC-A8CC-4716-8F58-48B390960584}"
EndProject
Global
	GlobalSection(SolutionConfigurationPlatforms) = preSolution
		Debug|Any CPU = Debug|Any CPU
		Release|Any CPU = Release|Any CPU
	EndGlobalSection
	GlobalSection(ProjectConfigurationPlatforms) = postSolution
		{BF3B14EC-A8CC-4716-8F58-48B390960584}.Debug|Any CPU.ActiveCfg = Debug|Any CPU
		{BF3B14EC-A8CC-4716-8F58-48B390960584}.Debug|Any CPU.Build.0 = Debug|Any CPU
		{BF3B14EC-A8CC-4716-8F58-48B390960584}.Release|Any CPU.ActiveCfg = Release|Any CPU
		{BF3B14EC-A8CC-4716-8F58-48B390960584}.Release|Any CPU.Build.0 = Release|Any CPU
	EndGlobalSection
	GlobalSection(SolutionProperties) = preSolution
		HideSolutionNode = FALSE
	EndGlobalSection
	GlobalSection(ExtensibilityGlobals) = postSolution
		SolutionGuid = {2971FF53-FA87-434A-A06C-2EDF02201929}
	EndGlobalSection
EndGlobal
